// !$*UTF8*$!
{
	archiveVersion = 1;
	classes = {
	};
	objectVersion = 50;
	objects = {

/* Begin PBXBuildFile section */
		862B2C3F25070A4D0048C66E /* OpenGL.framework in Frameworks */ = {isa = PBXBuildFile; fileRef = 862B2C3E25070A4D0048C66E /* OpenGL.framework */; };
		862B2C4125070A540048C66E /* GLUT.framework in Frameworks */ = {isa = PBXBuildFile; fileRef = 862B2C4025070A540048C66E /* GLUT.framework */; };
		86369CA2250A1F4C00AAD446 /* glad.c in Sources */ = {isa = PBXBuildFile; fileRef = 86369CA1250A1F4C00AAD446 /* glad.c */; };
		86369CA4250A21F900AAD446 /* libGLEW.2.1.0.dylib in Frameworks */ = {isa = PBXBuildFile; fileRef = 86369CA3250A21F900AAD446 /* libGLEW.2.1.0.dylib */; };
		86369CA6250A237D00AAD446 /* libglfw.3.3.dylib in Frameworks */ = {isa = PBXBuildFile; fileRef = 86369CA5250A237D00AAD446 /* libglfw.3.3.dylib */; };
		86369CA9250A243D00AAD446 /* main.cpp in Sources */ = {isa = PBXBuildFile; fileRef = 86369CA7250A243D00AAD446 /* main.cpp */; };
/* End PBXBuildFile section */

/* Begin PBXCopyFilesBuildPhase section */
		862B2C3125070A3B0048C66E /* CopyFiles */ = {
			isa = PBXCopyFilesBuildPhase;
			buildActionMask = 2147483647;
			dstPath = /usr/share/man/man1/;
			dstSubfolderSpec = 0;
			files = (
			);
			runOnlyForDeploymentPostprocessing = 1;
		};
/* End PBXCopyFilesBuildPhase section */

/* Begin PBXFileReference section */
		862B2C3325070A3B0048C66E /* Exercise3 */ = {isa = PBXFileReference; explicitFileType = "compiled.mach-o.executable"; includeInIndex = 0; path = Exercise3; sourceTree = BUILT_PRODUCTS_DIR; };
		862B2C3E25070A4D0048C66E /* OpenGL.framework */ = {isa = PBXFileReference; lastKnownFileType = wrapper.framework; name = OpenGL.framework; path = System/Library/Frameworks/OpenGL.framework; sourceTree = SDKROOT; };
		862B2C4025070A540048C66E /* GLUT.framework */ = {isa = PBXFileReference; lastKnownFileType = wrapper.framework; name = GLUT.framework; path = System/Library/Frameworks/GLUT.framework; sourceTree = SDKROOT; };
		86369CA1250A1F4C00AAD446 /* glad.c */ = {isa = PBXFileReference; fileEncoding = 4; lastKnownFileType = sourcecode.c.c; path = glad.c; sourceTree = "<group>"; };
		86369CA3250A21F900AAD446 /* libGLEW.2.1.0.dylib */ = {isa = PBXFileReference; lastKnownFileType = "compiled.mach-o.dylib"; name = libGLEW.2.1.0.dylib; path = ../../../../usr/local/Cellar/glew/2.1.0_1/lib/libGLEW.2.1.0.dylib; sourceTree = "<group>"; };
		86369CA5250A237D00AAD446 /* libglfw.3.3.dylib */ = {isa = PBXFileReference; lastKnownFileType = "compiled.mach-o.dylib"; name = libglfw.3.3.dylib; path = ../../../../usr/local/Cellar/glfw/3.3.2/lib/libglfw.3.3.dylib; sourceTree = "<group>"; };
		86369CA7250A243D00AAD446 /* main.cpp */ = {isa = PBXFileReference; lastKnownFileType = sourcecode.cpp.cpp; path = main.cpp; sourceTree = "<group>"; };
/* End PBXFileReference section */

/* Begin PBXFrameworksBuildPhase section */
		862B2C3025070A3B0048C66E /* Frameworks */ = {
			isa = PBXFrameworksBuildPhase;
			buildActionMask = 2147483647;
			files = (
				86369CA6250A237D00AAD446 /* libglfw.3.3.dylib in Frameworks */,
				86369CA4250A21F900AAD446 /* libGLEW.2.1.0.dylib in Frameworks */,
				862B2C4125070A540048C66E /* GLUT.framework in Frameworks */,
				862B2C3F25070A4D0048C66E /* OpenGL.framework in Frameworks */,
			);
			runOnlyForDeploymentPostprocessing = 0;
		};
/* End PBXFrameworksBuildPhase section */

/* Begin PBXGroup section */
		862B2C2A25070A3B0048C66E = {
			isa = PBXGroup;
			children = (
				862B2C3525070A3B0048C66E /* Exercise3 */,
				862B2C3425070A3B0048C66E /* Products */,
				862B2C3D25070A4D0048C66E /* Frameworks */,
			);
			sourceTree = "<group>";
		};
		862B2C3425070A3B0048C66E /* Products */ = {
			isa = PBXGroup;
			children = (
				862B2C3325070A3B0048C66E /* Exercise3 */,
			);
			name = Products;
			sourceTree = "<group>";
		};
		862B2C3525070A3B0048C66E /* Exercise3 */ = {
			isa = PBXGroup;
			children = (
				86369CA1250A1F4C00AAD446 /* glad.c */,
				86369CA7250A243D00AAD446 /* main.cpp */,
			);
			path = Exercise3;
			sourceTree = "<group>";
		};
		862B2C3D25070A4D0048C66E /* Frameworks */ = {
			isa = PBXGroup;
			children = (
				86369CA5250A237D00AAD446 /* libglfw.3.3.dylib */,
				86369CA3250A21F900AAD446 /* libGLEW.2.1.0.dylib */,
				862B2C4025070A540048C66E /* GLUT.framework */,
				862B2C3E25070A4D0048C66E /* OpenGL.framework */,
			);
			name = Frameworks;
			sourceTree = "<group>";
		};
/* End PBXGroup section */

/* Begin PBXNativeTarget section */
		862B2C3225070A3B0048C66E /* Exercise3 */ = {
			isa = PBXNativeTarget;
			buildConfigurationList = 862B2C3A25070A3B0048C66E /* Build configuration list for PBXNativeTarget "Exercise3" */;
			buildPhases = (
				862B2C2F25070A3B0048C66E /* Sources */,
				862B2C3025070A3B0048C66E /* Frameworks */,
				862B2C3125070A3B0048C66E /* CopyFiles */,
			);
			buildRules = (
			);
			dependencies = (
			);
			name = Exercise3;
			productName = Exercise3;
			productReference = 862B2C3325070A3B0048C66E /* Exercise3 */;
			productType = "com.apple.product-type.tool";
		};
/* End PBXNativeTarget section */

/* Begin PBXProject section */
		862B2C2B25070A3B0048C66E /* Project object */ = {
			isa = PBXProject;
			attributes = {
				LastUpgradeCheck = 1030;
				ORGANIZATIONNAME = Chivox;
				TargetAttributes = {
					862B2C3225070A3B0048C66E = {
						CreatedOnToolsVersion = 10.3;
					};
				};
			};
			buildConfigurationList = 862B2C2E25070A3B0048C66E /* Build configuration list for PBXProject "Exercise3" */;
			compatibilityVersion = "Xcode 9.3";
			developmentRegion = en;
			hasScannedForEncodings = 0;
			knownRegions = (
				en,
			);
			mainGroup = 862B2C2A25070A3B0048C66E;
			productRefGroup = 862B2C3425070A3B0048C66E /* Products */;
			projectDirPath = "";
			projectRoot = "";
			targets = (
				862B2C3225070A3B0048C66E /* Exercise3 */,
			);
		};
/* End PBXProject section */

/* Begin PBXSourcesBuildPhase section */
		862B2C2F25070A3B0048C66E /* Sources */ = {
			isa = PBXSourcesBuildPhase;
			buildActionMask = 2147483647;
			files = (
				86369CA9250A243D00AAD446 /* main.cpp in Sources */,
				86369CA2250A1F4C00AAD446 /* glad.c in Sources */,
			);
			runOnlyForDeploymentPostprocessing = 0;
		};
/* End PBXSourcesBuildPhase section */

/* Begin XCBuildConfiguration section */
		862B2C3825070A3B0048C66E /* Debug */ = {
			isa = XCBuildConfiguration;
			buildSettings = {
				ALWAYS_SEARCH_USER_PATHS = NO;
				CLANG_ANALYZER_NONNULL = YES;
				CLANG_ANALYZER_NUMBER_OBJECT_CONVERSION = YES_AGGRESSIVE;
				CLANG_CXX_LANGUAGE_STANDARD = "gnu++14";
				CLANG_CXX_LIBRARY = "libc++";
				CLANG_ENABLE_MODULES = YES;
				CLANG_ENABLE_OBJC_ARC = YES;
				CLANG_ENABLE_OBJC_WEAK = YES;
				CLANG_WARN_BLOCK_CAPTURE_AUTORELEASING = YES;
				CLANG_WARN_BOOL_CONVERSION = YES;
				CLANG_WARN_COMMA = YES;
				CLANG_WARN_CONSTANT_CONVERSION = YES;
				CLANG_WARN_DEPRECATED_OBJC_IMPLEMENTATIONS = YES;
				CLANG_WARN_DIRECT_OBJC_ISA_USAGE = YES_ERROR;
				CLANG_WARN_DOCUMENTATION_COMMENTS = YES;
				CLANG_WARN_EMPTY_BODY = YES;
				CLANG_WARN_ENUM_CONVERSION = YES;
				CLANG_WARN_INFINITE_RECURSION = YES;
				CLANG_WARN_INT_CONVERSION = YES;
				CLANG_WARN_NON_LITERAL_NULL_CONVERSION = YES;
				CLANG_WARN_OBJC_IMPLICIT_RETAIN_SELF = YES;
				CLANG_WARN_OBJC_LITERAL_CONVERSION = YES;
				CLANG_WARN_OBJC_ROOT_CLASS = YES_ERROR;
				CLANG_WARN_RANGE_LOOP_ANALYSIS = YES;
				CLANG_WARN_STRICT_PROTOTYPES = YES;
				CLANG_WARN_SUSPICIOUS_MOVE = YES;
				CLANG_WARN_UNGUARDED_AVAILABILITY = YES_AGGRESSIVE;
				CLANG_WARN_UNREACHABLE_CODE = YES;
				CLANG_WARN__DUPLICATE_METHOD_MATCH = YES;
				CODE_SIGN_IDENTITY = "Mac Developer";
				COPY_PHASE_STRIP = NO;
				DEBUG_INFORMATION_FORMAT = dwarf;
				ENABLE_STRICT_OBJC_MSGSEND = YES;
				ENABLE_TESTABILITY = YES;
				GCC_C_LANGUAGE_STANDARD = gnu11;
				GCC_DYNAMIC_NO_PIC = NO;
				GCC_NO_COMMON_BLOCKS = YES;
				GCC_OPTIMIZATION_LEVEL = 0;
				GCC_PREPROCESSOR_DEFINITIONS = (
					"DEBUG=1",
					"$(inherited)",
				);
				GCC_WARN_64_TO_32_BIT_CONVERSION = YES;
				GCC_WARN_ABOUT_RETURN_TYPE = YES_ERROR;
				GCC_WARN_UNDECLARED_SELECTOR = YES;
				GCC_WARN_UNINITIALIZED_AUTOS = YES_AGGRESSIVE;
				GCC_WARN_UNUSED_FUNCTION = YES;
				GCC_WARN_UNUSED_VARIABLE = YES;
				MACOSX_DEPLOYMENT_TARGET = 10.14;
				MTL_ENABLE_DEBUG_INFO = INCLUDE_SOURCE;
				MTL_FAST_MATH = YES;
				ONLY_ACTIVE_ARCH = YES;
				SDKROOT = macosx;
			};
			name = Debug;
		};
		862B2C3925070A3B0048C66E /* Release */ = {
			isa = XCBuildConfiguration;
			buildSettings = {
				ALWAYS_SEARCH_USER_PATHS = NO;
				CLANG_ANALYZER_NONNULL = YES;
				CLANG_ANALYZER_NUMBER_OBJECT_CONVERSION = YES_AGGRESSIVE;
				CLANG_CXX_LANGUAGE_STANDARD = "gnu++14";
				CLANG_CXX_LIBRARY = "libc++";
				CLANG_ENABLE_MODULES = YES;
				CLANG_ENABLE_OBJC_ARC = YES;
				CLANG_ENABLE_OBJC_WEAK = YES;
				CLANG_WARN_BLOCK_CAPTURE_AUTORELEASING = YES;
				CLANG_WARN_BOOL_CONVERSION = YES;
				CLANG_WARN_COMMA = YES;
				CLANG_WARN_CONSTANT_CONVERSION = YES;
				CLANG_WARN_DEPRECATED_OBJC_IMPLEMENTATIONS = YES;
				CLANG_WARN_DIRECT_OBJC_ISA_USAGE = YES_ERROR;
				CLANG_WARN_DOCUMENTATION_COMMENTS = YES;
				CLANG_WARN_EMPTY_BODY = YES;
				CLANG_WARN_ENUM_CONVERSION = YES;
				CLANG_WARN_INFINITE_RECURSION = YES;
				CLANG_WARN_INT_CONVERSION = YES;
				CLANG_WARN_NON_LITERAL_NULL_CONVERSION = YES;
				CLANG_WARN_OBJC_IMPLICIT_RETAIN_SELF = YES;
				CLANG_WARN_OBJC_LITERAL_CONVERSION = YES;
				CLANG_WARN_OBJC_ROOT_CLASS = YES_ERROR;
				CLANG_WARN_RANGE_LOOP_ANALYSIS = YES;
				CLANG_WARN_STRICT_PROTOTYPES = YES;
				CLANG_WARN_SUSPICIOUS_MOVE = YES;
				CLANG_WARN_UNGUARDED_AVAILABILITY = YES_AGGRESSIVE;
				CLANG_WARN_UNREACHABLE_CODE = YES;
				CLANG_WARN__DUPLICATE_METHOD_MATCH = YES;
				CODE_SIGN_IDENTITY = "Mac Developer";
				COPY_PHASE_STRIP = NO;
				DEBUG_INFORMATION_FORMAT = "dwarf-with-dsym";
				ENABLE_NS_ASSERTIONS = NO;
				ENABLE_STRICT_OBJC_MSGSEND = YES;
				GCC_C_LANGUAGE_STANDARD = gnu11;
				GCC_NO_COMMON_BLOCKS = YES;
				GCC_WARN_64_TO_32_BIT_CONVERSION = YES;
				GCC_WARN_ABOUT_RETURN_TYPE = YES_ERROR;
				GCC_WARN_UNDECLARED_SELECTOR = YES;
				GCC_WARN_UNINITIALIZED_AUTOS = YES_AGGRESSIVE;
				GCC_WARN_UNUSED_FUNCTION = YES;
				GCC_WARN_UNUSED_VARIABLE = YES;
				MACOSX_DEPLOYMENT_TARGET = 10.14;
				MTL_ENABLE_DEBUG_INFO = NO;
				MTL_FAST_MATH = YES;
				SDKROOT = macosx;
			};
			name = Release;
		};
		862B2C3B25070A3B0048C66E /* Debug */ = {
			isa = XCBuildConfiguration;
			buildSettings = {
				CODE_SIGN_STYLE = Automatic;
				DEVELOPMENT_TEAM = FS6W5QGSAM;
				HEADER_SEARCH_PATHS = (
					/usr/local/include,
					"$(glew_header)",
					"$(glfw_header)",
				);
				LIBRARY_SEARCH_PATHS = (
					"$(glfw_lib)",
					"$(glew_lib)",
					/usr/local/Cellar/glew/2.1.0_1/lib,
					/usr/local/Cellar/glfw/3.3.2/lib,
				);
				PRODUCT_NAME = "$(TARGET_NAME)";
			};
			name = Debug;
		};
		862B2C3C25070A3B0048C66E /* Release */ = {
			isa = XCBuildConfiguration;
			buildSettings = {
				CODE_SIGN_STYLE = Automatic;
				DEVELOPMENT_TEAM = FS6W5QGSAM;
				HEADER_SEARCH_PATHS = (
					/usr/local/include,
					"$(glew_header)",
					"$(glfw_header)",
				);
				LIBRARY_SEARCH_PATHS = (
					"$(glfw_lib)",
					"$(glew_lib)",
					/usr/local/Cellar/glew/2.1.0_1/lib,
					/usr/local/Cellar/glfw/3.3.2/lib,
				);
				PRODUCT_NAME = "$(TARGET_NAME)";
			};
			name = Release;
		};
/* End XCBuildConfiguration section */

/* Begin XCConfigurationList section */
		862B2C2E25070A3B0048C66E /* Build configuration list for PBXProject "Exercise3" */ = {
			isa = XCConfigurationList;
			buildConfigurations = (
				862B2C3825070A3B0048C66E /* Debug */,
				862B2C3925070A3B0048C66E /* Release */,
			);
			defaultConfigurationIsVisible = 0;
			defaultConfigurationName = Release;
		};
		862B2C3A25070A3B0048C66E /* Build configuration list for PBXNativeTarget "Exercise3" */ = {
			isa = XCConfigurationList;
			buildConfigurations = (
				862B2C3B25070A3B0048C66E /* Debug */,
				862B2C3C25070A3B0048C66E /* Release */,
			);
			defaultConfigurationIsVisible = 0;
			defaultConfigurationName = Release;
		};
/* End XCConfigurationList section */
	};
	rootObject = 862B2C2B25070A3B0048C66E /* Project object */;
}
